// !$*UTF8*$!
{
	archiveVersion = 1;
	classes = {
	};
	objectVersion = 56;
	objects = {

/* Begin PBXBuildFile section */
		BD0926512A194E0100175524 /* XCTestCase+MemoryLeakTracking.swift in Sources */ = {isa = PBXBuildFile; fileRef = BD327AB42A0BD6CF0067CCF9 /* XCTestCase+MemoryLeakTracking.swift */; };
		BD327A5629B4435D0067CCF9 /* EssentialFeed.framework in Frameworks */ = {isa = PBXBuildFile; fileRef = BD327A4D29B4435C0067CCF9 /* EssentialFeed.framework */; };
		BD327A5B29B4435D0067CCF9 /* EssentialFeedTests.swift in Sources */ = {isa = PBXBuildFile; fileRef = BD327A5A29B4435D0067CCF9 /* EssentialFeedTests.swift */; };
		BD327A5C29B4435D0067CCF9 /* EssentialFeed.h in Headers */ = {isa = PBXBuildFile; fileRef = BD327A5029B4435C0067CCF9 /* EssentialFeed.h */; settings = {ATTRIBUTES = (Public, ); }; };
		BD327A8829B444060067CCF9 /* FeedItem.swift in Sources */ = {isa = PBXBuildFile; fileRef = BD327A8729B444060067CCF9 /* FeedItem.swift */; };
		BD327A8A29B445500067CCF9 /* FeedLoader.swift in Sources */ = {isa = PBXBuildFile; fileRef = BD327A8929B445500067CCF9 /* FeedLoader.swift */; };
		BD327A8D29B58D0C0067CCF9 /* LoadFeedFromRemoteUseCaseTests.swift in Sources */ = {isa = PBXBuildFile; fileRef = BD327A8C29B58D0C0067CCF9 /* LoadFeedFromRemoteUseCaseTests.swift */; };
		BD327A9029BA68CC0067CCF9 /* RemoteFeedLoader.swift in Sources */ = {isa = PBXBuildFile; fileRef = BD327A8F29BA68CC0067CCF9 /* RemoteFeedLoader.swift */; };
		BD327A9229D3316E0067CCF9 /* HTTPClient.swift in Sources */ = {isa = PBXBuildFile; fileRef = BD327A9129D3316E0067CCF9 /* HTTPClient.swift */; };
		BD327A9429D336310067CCF9 /* FeedItemsMapper.swift in Sources */ = {isa = PBXBuildFile; fileRef = BD327A9329D336310067CCF9 /* FeedItemsMapper.swift */; };
		BD327A9729DDBDAA0067CCF9 /* URLSessionHTTPClientTests.swift in Sources */ = {isa = PBXBuildFile; fileRef = BD327A9629DDBDAA0067CCF9 /* URLSessionHTTPClientTests.swift */; };
		BD327AB52A0BD6CF0067CCF9 /* XCTestCase+MemoryLeakTracking.swift in Sources */ = {isa = PBXBuildFile; fileRef = BD327AB42A0BD6CF0067CCF9 /* XCTestCase+MemoryLeakTracking.swift */; };
		BD327B072A14681C0067CCF9 /* URLSessionHTTPClient.swift in Sources */ = {isa = PBXBuildFile; fileRef = BD327B062A14681C0067CCF9 /* URLSessionHTTPClient.swift */; };
		BD327B0F2A15633C0067CCF9 /* EssentialFeedAPIEndToEndTests.swift in Sources */ = {isa = PBXBuildFile; fileRef = BD327B0E2A15633C0067CCF9 /* EssentialFeedAPIEndToEndTests.swift */; };
		BD327B102A15633C0067CCF9 /* EssentialFeed.framework in Frameworks */ = {isa = PBXBuildFile; fileRef = BD327A4D29B4435C0067CCF9 /* EssentialFeed.framework */; };
/* End PBXBuildFile section */

/* Begin PBXContainerItemProxy section */
		BD327A5729B4435D0067CCF9 /* PBXContainerItemProxy */ = {
			isa = PBXContainerItemProxy;
			containerPortal = BD327A4429B4435C0067CCF9 /* Project object */;
			proxyType = 1;
			remoteGlobalIDString = BD327A4C29B4435C0067CCF9;
			remoteInfo = EssentialFeed;
		};
		BD327B112A15633C0067CCF9 /* PBXContainerItemProxy */ = {
			isa = PBXContainerItemProxy;
			containerPortal = BD327A4429B4435C0067CCF9 /* Project object */;
			proxyType = 1;
			remoteGlobalIDString = BD327A4C29B4435C0067CCF9;
			remoteInfo = EssentialFeed;
		};
/* End PBXContainerItemProxy section */

/* Begin PBXFileReference section */
		BD327A4D29B4435C0067CCF9 /* EssentialFeed.framework */ = {isa = PBXFileReference; explicitFileType = wrapper.framework; includeInIndex = 0; path = EssentialFeed.framework; sourceTree = BUILT_PRODUCTS_DIR; };
		BD327A5029B4435C0067CCF9 /* EssentialFeed.h */ = {isa = PBXFileReference; lastKnownFileType = sourcecode.c.h; path = EssentialFeed.h; sourceTree = "<group>"; };
		BD327A5529B4435D0067CCF9 /* EssentialFeedTests.xctest */ = {isa = PBXFileReference; explicitFileType = wrapper.cfbundle; includeInIndex = 0; path = EssentialFeedTests.xctest; sourceTree = BUILT_PRODUCTS_DIR; };
		BD327A5A29B4435D0067CCF9 /* EssentialFeedTests.swift */ = {isa = PBXFileReference; lastKnownFileType = sourcecode.swift; path = EssentialFeedTests.swift; sourceTree = "<group>"; };
		BD327A8729B444060067CCF9 /* FeedItem.swift */ = {isa = PBXFileReference; lastKnownFileType = sourcecode.swift; path = FeedItem.swift; sourceTree = "<group>"; };
		BD327A8929B445500067CCF9 /* FeedLoader.swift */ = {isa = PBXFileReference; lastKnownFileType = sourcecode.swift; path = FeedLoader.swift; sourceTree = "<group>"; };
		BD327A8C29B58D0C0067CCF9 /* LoadFeedFromRemoteUseCaseTests.swift */ = {isa = PBXFileReference; lastKnownFileType = sourcecode.swift; path = LoadFeedFromRemoteUseCaseTests.swift; sourceTree = "<group>"; };
		BD327A8F29BA68CC0067CCF9 /* RemoteFeedLoader.swift */ = {isa = PBXFileReference; lastKnownFileType = sourcecode.swift; path = RemoteFeedLoader.swift; sourceTree = "<group>"; };
		BD327A9129D3316E0067CCF9 /* HTTPClient.swift */ = {isa = PBXFileReference; lastKnownFileType = sourcecode.swift; path = HTTPClient.swift; sourceTree = "<group>"; };
		BD327A9329D336310067CCF9 /* FeedItemsMapper.swift */ = {isa = PBXFileReference; lastKnownFileType = sourcecode.swift; path = FeedItemsMapper.swift; sourceTree = "<group>"; };
		BD327A9629DDBDAA0067CCF9 /* URLSessionHTTPClientTests.swift */ = {isa = PBXFileReference; lastKnownFileType = sourcecode.swift; path = URLSessionHTTPClientTests.swift; sourceTree = "<group>"; };
		BD327AB42A0BD6CF0067CCF9 /* XCTestCase+MemoryLeakTracking.swift */ = {isa = PBXFileReference; lastKnownFileType = sourcecode.swift; path = "XCTestCase+MemoryLeakTracking.swift"; sourceTree = "<group>"; };
		BD327B062A14681C0067CCF9 /* URLSessionHTTPClient.swift */ = {isa = PBXFileReference; lastKnownFileType = sourcecode.swift; path = URLSessionHTTPClient.swift; sourceTree = "<group>"; };
		BD327B0C2A15633C0067CCF9 /* EssentialFeedAPIEndToEndTests.xctest */ = {isa = PBXFileReference; explicitFileType = wrapper.cfbundle; includeInIndex = 0; path = EssentialFeedAPIEndToEndTests.xctest; sourceTree = BUILT_PRODUCTS_DIR; };
		BD327B0E2A15633C0067CCF9 /* EssentialFeedAPIEndToEndTests.swift */ = {isa = PBXFileReference; lastKnownFileType = sourcecode.swift; path = EssentialFeedAPIEndToEndTests.swift; sourceTree = "<group>"; };
/* End PBXFileReference section */

/* Begin PBXFrameworksBuildPhase section */
		BD327A4A29B4435C0067CCF9 /* Frameworks */ = {
			isa = PBXFrameworksBuildPhase;
			buildActionMask = 2147483647;
			files = (
			);
			runOnlyForDeploymentPostprocessing = 0;
		};
		BD327A5229B4435D0067CCF9 /* Frameworks */ = {
			isa = PBXFrameworksBuildPhase;
			buildActionMask = 2147483647;
			files = (
				BD327A5629B4435D0067CCF9 /* EssentialFeed.framework in Frameworks */,
			);
			runOnlyForDeploymentPostprocessing = 0;
		};
		BD327B092A15633C0067CCF9 /* Frameworks */ = {
			isa = PBXFrameworksBuildPhase;
			buildActionMask = 2147483647;
			files = (
				BD327B102A15633C0067CCF9 /* EssentialFeed.framework in Frameworks */,
			);
			runOnlyForDeploymentPostprocessing = 0;
		};
/* End PBXFrameworksBuildPhase section */

/* Begin PBXGroup section */
		BD327A4329B4435C0067CCF9 = {
			isa = PBXGroup;
			children = (
				BD327A4F29B4435C0067CCF9 /* EssentialFeed */,
				BD327A5929B4435D0067CCF9 /* EssentialFeedTests */,
				BD327B0D2A15633C0067CCF9 /* EssentialFeedAPIEndToEndTests */,
				BD327A4E29B4435C0067CCF9 /* Products */,
			);
			sourceTree = "<group>";
		};
		BD327A4E29B4435C0067CCF9 /* Products */ = {
			isa = PBXGroup;
			children = (
				BD327A4D29B4435C0067CCF9 /* EssentialFeed.framework */,
				BD327A5529B4435D0067CCF9 /* EssentialFeedTests.xctest */,
				BD327B0C2A15633C0067CCF9 /* EssentialFeedAPIEndToEndTests.xctest */,
			);
			name = Products;
			sourceTree = "<group>";
		};
		BD327A4F29B4435C0067CCF9 /* EssentialFeed */ = {
			isa = PBXGroup;
			children = (
				BD327A8E29BA68900067CCF9 /* Feed API */,
				BD327A5029B4435C0067CCF9 /* EssentialFeed.h */,
				BD327A8B29B58AD10067CCF9 /* Feed Feature */,
			);
			path = EssentialFeed;
			sourceTree = "<group>";
		};
		BD327A5929B4435D0067CCF9 /* EssentialFeedTests */ = {
			isa = PBXGroup;
			children = (
				BD327AB32A0BD6870067CCF9 /* Helpers */,
				BD327A9529D463C90067CCF9 /* Feed API */,
				BD327A5A29B4435D0067CCF9 /* EssentialFeedTests.swift */,
			);
			path = EssentialFeedTests;
			sourceTree = "<group>";
		};
		BD327A8B29B58AD10067CCF9 /* Feed Feature */ = {
			isa = PBXGroup;
			children = (
				BD327A8729B444060067CCF9 /* FeedItem.swift */,
				BD327A8929B445500067CCF9 /* FeedLoader.swift */,
			);
			path = "Feed Feature";
			sourceTree = "<group>";
		};
		BD327A8E29BA68900067CCF9 /* Feed API */ = {
			isa = PBXGroup;
			children = (
				BD327A8F29BA68CC0067CCF9 /* RemoteFeedLoader.swift */,
				BD327A9129D3316E0067CCF9 /* HTTPClient.swift */,
				BD327A9329D336310067CCF9 /* FeedItemsMapper.swift */,
				BD327B062A14681C0067CCF9 /* URLSessionHTTPClient.swift */,
			);
			path = "Feed API";
			sourceTree = "<group>";
		};
		BD327A9529D463C90067CCF9 /* Feed API */ = {
			isa = PBXGroup;
			children = (
				BD327A8C29B58D0C0067CCF9 /* LoadFeedFromRemoteUseCaseTests.swift */,
				BD327A9629DDBDAA0067CCF9 /* URLSessionHTTPClientTests.swift */,
			);
			path = "Feed API";
			sourceTree = "<group>";
		};
		BD327AB32A0BD6870067CCF9 /* Helpers */ = {
			isa = PBXGroup;
			children = (
				BD327AB42A0BD6CF0067CCF9 /* XCTestCase+MemoryLeakTracking.swift */,
			);
			path = Helpers;
			sourceTree = "<group>";
		};
		BD327B0D2A15633C0067CCF9 /* EssentialFeedAPIEndToEndTests */ = {
			isa = PBXGroup;
			children = (
				BD327B0E2A15633C0067CCF9 /* EssentialFeedAPIEndToEndTests.swift */,
			);
			path = EssentialFeedAPIEndToEndTests;
			sourceTree = "<group>";
		};
/* End PBXGroup section */

/* Begin PBXHeadersBuildPhase section */
		BD327A4829B4435C0067CCF9 /* Headers */ = {
			isa = PBXHeadersBuildPhase;
			buildActionMask = 2147483647;
			files = (
				BD327A5C29B4435D0067CCF9 /* EssentialFeed.h in Headers */,
			);
			runOnlyForDeploymentPostprocessing = 0;
		};
/* End PBXHeadersBuildPhase section */

/* Begin PBXNativeTarget section */
		BD327A4C29B4435C0067CCF9 /* EssentialFeed */ = {
			isa = PBXNativeTarget;
			buildConfigurationList = BD327A5F29B4435D0067CCF9 /* Build configuration list for PBXNativeTarget "EssentialFeed" */;
			buildPhases = (
				BD327A4829B4435C0067CCF9 /* Headers */,
				BD327A4929B4435C0067CCF9 /* Sources */,
				BD327A4A29B4435C0067CCF9 /* Frameworks */,
				BD327A4B29B4435C0067CCF9 /* Resources */,
			);
			buildRules = (
			);
			dependencies = (
			);
			name = EssentialFeed;
			productName = EssentialFeed;
			productReference = BD327A4D29B4435C0067CCF9 /* EssentialFeed.framework */;
			productType = "com.apple.product-type.framework";
		};
		BD327A5429B4435D0067CCF9 /* EssentialFeedTests */ = {
			isa = PBXNativeTarget;
			buildConfigurationList = BD327A6229B4435D0067CCF9 /* Build configuration list for PBXNativeTarget "EssentialFeedTests" */;
			buildPhases = (
				BD327A5129B4435D0067CCF9 /* Sources */,
				BD327A5229B4435D0067CCF9 /* Frameworks */,
				BD327A5329B4435D0067CCF9 /* Resources */,
			);
			buildRules = (
			);
			dependencies = (
				BD327A5829B4435D0067CCF9 /* PBXTargetDependency */,
			);
			name = EssentialFeedTests;
			productName = EssentialFeedTests;
			productReference = BD327A5529B4435D0067CCF9 /* EssentialFeedTests.xctest */;
			productType = "com.apple.product-type.bundle.unit-test";
		};
		BD327B0B2A15633C0067CCF9 /* EssentialFeedAPIEndToEndTests */ = {
			isa = PBXNativeTarget;
			buildConfigurationList = BD327B132A15633C0067CCF9 /* Build configuration list for PBXNativeTarget "EssentialFeedAPIEndToEndTests" */;
			buildPhases = (
				BD327B082A15633C0067CCF9 /* Sources */,
				BD327B092A15633C0067CCF9 /* Frameworks */,
				BD327B0A2A15633C0067CCF9 /* Resources */,
			);
			buildRules = (
			);
			dependencies = (
				BD327B122A15633C0067CCF9 /* PBXTargetDependency */,
			);
			name = EssentialFeedAPIEndToEndTests;
			productName = EssentialFeedAPIEndToEndTests;
			productReference = BD327B0C2A15633C0067CCF9 /* EssentialFeedAPIEndToEndTests.xctest */;
			productType = "com.apple.product-type.bundle.unit-test";
		};
/* End PBXNativeTarget section */

/* Begin PBXProject section */
		BD327A4429B4435C0067CCF9 /* Project object */ = {
			isa = PBXProject;
			attributes = {
				BuildIndependentTargetsInParallel = 1;
				LastSwiftUpdateCheck = 1420;
				LastUpgradeCheck = 1420;
				TargetAttributes = {
					BD327A4C29B4435C0067CCF9 = {
						CreatedOnToolsVersion = 14.2;
						LastSwiftMigration = 1420;
					};
					BD327A5429B4435D0067CCF9 = {
						CreatedOnToolsVersion = 14.2;
					};
					BD327B0B2A15633C0067CCF9 = {
						CreatedOnToolsVersion = 14.2;
					};
				};
			};
			buildConfigurationList = BD327A4729B4435C0067CCF9 /* Build configuration list for PBXProject "EssentialFeed" */;
			compatibilityVersion = "Xcode 14.0";
			developmentRegion = en;
			hasScannedForEncodings = 0;
			knownRegions = (
				en,
				Base,
			);
			mainGroup = BD327A4329B4435C0067CCF9;
			productRefGroup = BD327A4E29B4435C0067CCF9 /* Products */;
			projectDirPath = "";
			projectRoot = "";
			targets = (
				BD327A4C29B4435C0067CCF9 /* EssentialFeed */,
				BD327A5429B4435D0067CCF9 /* EssentialFeedTests */,
				BD327B0B2A15633C0067CCF9 /* EssentialFeedAPIEndToEndTests */,
			);
		};
/* End PBXProject section */

/* Begin PBXResourcesBuildPhase section */
		BD327A4B29B4435C0067CCF9 /* Resources */ = {
			isa = PBXResourcesBuildPhase;
			buildActionMask = 2147483647;
			files = (
			);
			runOnlyForDeploymentPostprocessing = 0;
		};
		BD327A5329B4435D0067CCF9 /* Resources */ = {
			isa = PBXResourcesBuildPhase;
			buildActionMask = 2147483647;
			files = (
			);
			runOnlyForDeploymentPostprocessing = 0;
		};
		BD327B0A2A15633C0067CCF9 /* Resources */ = {
			isa = PBXResourcesBuildPhase;
			buildActionMask = 2147483647;
			files = (
			);
			runOnlyForDeploymentPostprocessing = 0;
		};
/* End PBXResourcesBuildPhase section */

/* Begin PBXSourcesBuildPhase section */
		BD327A4929B4435C0067CCF9 /* Sources */ = {
			isa = PBXSourcesBuildPhase;
			buildActionMask = 2147483647;
			files = (
				BD327A9429D336310067CCF9 /* FeedItemsMapper.swift in Sources */,
				BD327A8A29B445500067CCF9 /* FeedLoader.swift in Sources */,
				BD327A9029BA68CC0067CCF9 /* RemoteFeedLoader.swift in Sources */,
				BD327A9229D3316E0067CCF9 /* HTTPClient.swift in Sources */,
				BD327A8829B444060067CCF9 /* FeedItem.swift in Sources */,
				BD327B072A14681C0067CCF9 /* URLSessionHTTPClient.swift in Sources */,
			);
			runOnlyForDeploymentPostprocessing = 0;
		};
		BD327A5129B4435D0067CCF9 /* Sources */ = {
			isa = PBXSourcesBuildPhase;
			buildActionMask = 2147483647;
			files = (
				BD327A8D29B58D0C0067CCF9 /* LoadFeedFromRemoteUseCaseTests.swift in Sources */,
				BD327AB52A0BD6CF0067CCF9 /* XCTestCase+MemoryLeakTracking.swift in Sources */,
				BD327A5B29B4435D0067CCF9 /* EssentialFeedTests.swift in Sources */,
				BD327A9729DDBDAA0067CCF9 /* URLSessionHTTPClientTests.swift in Sources */,
			);
			runOnlyForDeploymentPostprocessing = 0;
		};
		BD327B082A15633C0067CCF9 /* Sources */ = {
			isa = PBXSourcesBuildPhase;
			buildActionMask = 2147483647;
			files = (
				BD327B0F2A15633C0067CCF9 /* EssentialFeedAPIEndToEndTests.swift in Sources */,
				BD0926512A194E0100175524 /* XCTestCase+MemoryLeakTracking.swift in Sources */,
			);
			runOnlyForDeploymentPostprocessing = 0;
		};
/* End PBXSourcesBuildPhase section */

/* Begin PBXTargetDependency section */
		BD327A5829B4435D0067CCF9 /* PBXTargetDependency */ = {
			isa = PBXTargetDependency;
			target = BD327A4C29B4435C0067CCF9 /* EssentialFeed */;
			targetProxy = BD327A5729B4435D0067CCF9 /* PBXContainerItemProxy */;
		};
		BD327B122A15633C0067CCF9 /* PBXTargetDependency */ = {
			isa = PBXTargetDependency;
			target = BD327A4C29B4435C0067CCF9 /* EssentialFeed */;
			targetProxy = BD327B112A15633C0067CCF9 /* PBXContainerItemProxy */;
		};
/* End PBXTargetDependency section */

/* Begin XCBuildConfiguration section */
		BD327A5D29B4435D0067CCF9 /* Debug */ = {
			isa = XCBuildConfiguration;
			buildSettings = {
				ALWAYS_SEARCH_USER_PATHS = NO;
				CLANG_ANALYZER_NONNULL = YES;
				CLANG_ANALYZER_NUMBER_OBJECT_CONVERSION = YES_AGGRESSIVE;
				CLANG_CXX_LANGUAGE_STANDARD = "gnu++20";
				CLANG_ENABLE_MODULES = YES;
				CLANG_ENABLE_OBJC_ARC = YES;
				CLANG_ENABLE_OBJC_WEAK = YES;
				CLANG_WARN_BLOCK_CAPTURE_AUTORELEASING = YES;
				CLANG_WARN_BOOL_CONVERSION = YES;
				CLANG_WARN_COMMA = YES;
				CLANG_WARN_CONSTANT_CONVERSION = YES;
				CLANG_WARN_DEPRECATED_OBJC_IMPLEMENTATIONS = YES;
				CLANG_WARN_DIRECT_OBJC_ISA_USAGE = YES_ERROR;
				CLANG_WARN_DOCUMENTATION_COMMENTS = YES;
				CLANG_WARN_EMPTY_BODY = YES;
				CLANG_WARN_ENUM_CONVERSION = YES;
				CLANG_WARN_INFINITE_RECURSION = YES;
				CLANG_WARN_INT_CONVERSION = YES;
				CLANG_WARN_NON_LITERAL_NULL_CONVERSION = YES;
				CLANG_WARN_OBJC_IMPLICIT_RETAIN_SELF = YES;
				CLANG_WARN_OBJC_LITERAL_CONVERSION = YES;
				CLANG_WARN_OBJC_ROOT_CLASS = YES_ERROR;
				CLANG_WARN_QUOTED_INCLUDE_IN_FRAMEWORK_HEADER = YES;
				CLANG_WARN_RANGE_LOOP_ANALYSIS = YES;
				CLANG_WARN_STRICT_PROTOTYPES = YES;
				CLANG_WARN_SUSPICIOUS_MOVE = YES;
				CLANG_WARN_UNGUARDED_AVAILABILITY = YES_AGGRESSIVE;
				CLANG_WARN_UNREACHABLE_CODE = YES;
				CLANG_WARN__DUPLICATE_METHOD_MATCH = YES;
				COPY_PHASE_STRIP = NO;
				CURRENT_PROJECT_VERSION = 1;
				DEBUG_INFORMATION_FORMAT = dwarf;
				ENABLE_STRICT_OBJC_MSGSEND = YES;
				ENABLE_TESTABILITY = YES;
				GCC_C_LANGUAGE_STANDARD = gnu11;
				GCC_DYNAMIC_NO_PIC = NO;
				GCC_NO_COMMON_BLOCKS = YES;
				GCC_OPTIMIZATION_LEVEL = 0;
				GCC_PREPROCESSOR_DEFINITIONS = (
					"DEBUG=1",
					"$(inherited)",
				);
				GCC_WARN_64_TO_32_BIT_CONVERSION = YES;
				GCC_WARN_ABOUT_RETURN_TYPE = YES_ERROR;
				GCC_WARN_UNDECLARED_SELECTOR = YES;
				GCC_WARN_UNINITIALIZED_AUTOS = YES_AGGRESSIVE;
				GCC_WARN_UNUSED_FUNCTION = YES;
				GCC_WARN_UNUSED_VARIABLE = YES;
				MACOSX_DEPLOYMENT_TARGET = 13.1;
				MTL_ENABLE_DEBUG_INFO = INCLUDE_SOURCE;
				MTL_FAST_MATH = YES;
				ONLY_ACTIVE_ARCH = YES;
				SDKROOT = macosx;
				SWIFT_ACTIVE_COMPILATION_CONDITIONS = DEBUG;
				SWIFT_OPTIMIZATION_LEVEL = "-Onone";
				VERSIONING_SYSTEM = "apple-generic";
				VERSION_INFO_PREFIX = "";
			};
			name = Debug;
		};
		BD327A5E29B4435D0067CCF9 /* Release */ = {
			isa = XCBuildConfiguration;
			buildSettings = {
				ALWAYS_SEARCH_USER_PATHS = NO;
				CLANG_ANALYZER_NONNULL = YES;
				CLANG_ANALYZER_NUMBER_OBJECT_CONVERSION = YES_AGGRESSIVE;
				CLANG_CXX_LANGUAGE_STANDARD = "gnu++20";
				CLANG_ENABLE_MODULES = YES;
				CLANG_ENABLE_OBJC_ARC = YES;
				CLANG_ENABLE_OBJC_WEAK = YES;
				CLANG_WARN_BLOCK_CAPTURE_AUTORELEASING = YES;
				CLANG_WARN_BOOL_CONVERSION = YES;
				CLANG_WARN_COMMA = YES;
				CLANG_WARN_CONSTANT_CONVERSION = YES;
				CLANG_WARN_DEPRECATED_OBJC_IMPLEMENTATIONS = YES;
				CLANG_WARN_DIRECT_OBJC_ISA_USAGE = YES_ERROR;
				CLANG_WARN_DOCUMENTATION_COMMENTS = YES;
				CLANG_WARN_EMPTY_BODY = YES;
				CLANG_WARN_ENUM_CONVERSION = YES;
				CLANG_WARN_INFINITE_RECURSION = YES;
				CLANG_WARN_INT_CONVERSION = YES;
				CLANG_WARN_NON_LITERAL_NULL_CONVERSION = YES;
				CLANG_WARN_OBJC_IMPLICIT_RETAIN_SELF = YES;
				CLANG_WARN_OBJC_LITERAL_CONVERSION = YES;
				CLANG_WARN_OBJC_ROOT_CLASS = YES_ERROR;
				CLANG_WARN_QUOTED_INCLUDE_IN_FRAMEWORK_HEADER = YES;
				CLANG_WARN_RANGE_LOOP_ANALYSIS = YES;
				CLANG_WARN_STRICT_PROTOTYPES = YES;
				CLANG_WARN_SUSPICIOUS_MOVE = YES;
				CLANG_WARN_UNGUARDED_AVAILABILITY = YES_AGGRESSIVE;
				CLANG_WARN_UNREACHABLE_CODE = YES;
				CLANG_WARN__DUPLICATE_METHOD_MATCH = YES;
				COPY_PHASE_STRIP = NO;
				CURRENT_PROJECT_VERSION = 1;
				DEBUG_INFORMATION_FORMAT = "dwarf-with-dsym";
				ENABLE_NS_ASSERTIONS = NO;
				ENABLE_STRICT_OBJC_MSGSEND = YES;
				GCC_C_LANGUAGE_STANDARD = gnu11;
				GCC_NO_COMMON_BLOCKS = YES;
				GCC_WARN_64_TO_32_BIT_CONVERSION = YES;
				GCC_WARN_ABOUT_RETURN_TYPE = YES_ERROR;
				GCC_WARN_UNDECLARED_SELECTOR = YES;
				GCC_WARN_UNINITIALIZED_AUTOS = YES_AGGRESSIVE;
				GCC_WARN_UNUSED_FUNCTION = YES;
				GCC_WARN_UNUSED_VARIABLE = YES;
				MACOSX_DEPLOYMENT_TARGET = 13.1;
				MTL_ENABLE_DEBUG_INFO = NO;
				MTL_FAST_MATH = YES;
				SDKROOT = macosx;
				SWIFT_COMPILATION_MODE = wholemodule;
				SWIFT_OPTIMIZATION_LEVEL = "-O";
				VERSIONING_SYSTEM = "apple-generic";
				VERSION_INFO_PREFIX = "";
			};
			name = Release;
		};
		BD327A6029B4435D0067CCF9 /* Debug */ = {
			isa = XCBuildConfiguration;
			buildSettings = {
				CLANG_ENABLE_MODULES = YES;
				CODE_SIGN_STYLE = Automatic;
				COMBINE_HIDPI_IMAGES = YES;
				CURRENT_PROJECT_VERSION = 1;
				DEFINES_MODULE = YES;
				DEVELOPMENT_TEAM = CBNAB4LB6D;
				DYLIB_COMPATIBILITY_VERSION = 1;
				DYLIB_CURRENT_VERSION = 1;
				DYLIB_INSTALL_NAME_BASE = "@rpath";
				GENERATE_INFOPLIST_FILE = YES;
				INFOPLIST_KEY_NSHumanReadableCopyright = "";
				INSTALL_PATH = "$(LOCAL_LIBRARY_DIR)/Frameworks";
				LD_RUNPATH_SEARCH_PATHS = (
					"$(inherited)",
					"@executable_path/../Frameworks",
					"@loader_path/Frameworks",
				);
				MARKETING_VERSION = 1.0;
				PRODUCT_BUNDLE_IDENTIFIER = com.jancelots.EssentialFeed;
				PRODUCT_NAME = "$(TARGET_NAME:c99extidentifier)";
				SKIP_INSTALL = YES;
				SWIFT_EMIT_LOC_STRINGS = YES;
				SWIFT_OPTIMIZATION_LEVEL = "-Onone";
				SWIFT_VERSION = 5.0;
			};
			name = Debug;
		};
		BD327A6129B4435D0067CCF9 /* Release */ = {
			isa = XCBuildConfiguration;
			buildSettings = {
				CLANG_ENABLE_MODULES = YES;
				CODE_SIGN_STYLE = Automatic;
				COMBINE_HIDPI_IMAGES = YES;
				CURRENT_PROJECT_VERSION = 1;
				DEFINES_MODULE = YES;
				DEVELOPMENT_TEAM = CBNAB4LB6D;
				DYLIB_COMPATIBILITY_VERSION = 1;
				DYLIB_CURRENT_VERSION = 1;
				DYLIB_INSTALL_NAME_BASE = "@rpath";
				GENERATE_INFOPLIST_FILE = YES;
				INFOPLIST_KEY_NSHumanReadableCopyright = "";
				INSTALL_PATH = "$(LOCAL_LIBRARY_DIR)/Frameworks";
				LD_RUNPATH_SEARCH_PATHS = (
					"$(inherited)",
					"@executable_path/../Frameworks",
					"@loader_path/Frameworks",
				);
				MARKETING_VERSION = 1.0;
				PRODUCT_BUNDLE_IDENTIFIER = com.jancelots.EssentialFeed;
				PRODUCT_NAME = "$(TARGET_NAME:c99extidentifier)";
				SKIP_INSTALL = YES;
				SWIFT_EMIT_LOC_STRINGS = YES;
				SWIFT_VERSION = 5.0;
			};
			name = Release;
		};
		BD327A6329B4435D0067CCF9 /* Debug */ = {
			isa = XCBuildConfiguration;
			buildSettings = {
				ALWAYS_EMBED_SWIFT_STANDARD_LIBRARIES = YES;
				CODE_SIGN_STYLE = Automatic;
				CURRENT_PROJECT_VERSION = 1;
				DEVELOPMENT_TEAM = CBNAB4LB6D;
				GENERATE_INFOPLIST_FILE = YES;
				MARKETING_VERSION = 1.0;
				PRODUCT_BUNDLE_IDENTIFIER = com.jancelots.EssentialFeedTests;
				PRODUCT_NAME = "$(TARGET_NAME)";
				SWIFT_EMIT_LOC_STRINGS = NO;
				SWIFT_VERSION = 5.0;
			};
			name = Debug;
		};
		BD327A6429B4435D0067CCF9 /* Release */ = {
			isa = XCBuildConfiguration;
			buildSettings = {
				ALWAYS_EMBED_SWIFT_STANDARD_LIBRARIES = YES;
				CODE_SIGN_STYLE = Automatic;
				CURRENT_PROJECT_VERSION = 1;
				DEVELOPMENT_TEAM = CBNAB4LB6D;
				GENERATE_INFOPLIST_FILE = YES;
				MARKETING_VERSION = 1.0;
				PRODUCT_BUNDLE_IDENTIFIER = com.jancelots.EssentialFeedTests;
				PRODUCT_NAME = "$(TARGET_NAME)";
				SWIFT_EMIT_LOC_STRINGS = NO;
				SWIFT_VERSION = 5.0;
			};
			name = Release;
		};
		BD327B142A15633C0067CCF9 /* Debug */ = {
			isa = XCBuildConfiguration;
			buildSettings = {
				CODE_SIGN_STYLE = Automatic;
				CURRENT_PROJECT_VERSION = 1;
				DEVELOPMENT_TEAM = CBNAB4LB6D;
				GENERATE_INFOPLIST_FILE = YES;
				MARKETING_VERSION = 1.0;
				PRODUCT_BUNDLE_IDENTIFIER = com.jancelots.EssentialFeedAPIEndToEndTests;
				PRODUCT_NAME = "$(TARGET_NAME)";
				SWIFT_EMIT_LOC_STRINGS = NO;
				SWIFT_VERSION = 5.0;
			};
			name = Debug;
		};
		BD327B152A15633C0067CCF9 /* Release */ = {
			isa = XCBuildConfiguration;
			buildSettings = {
				CODE_SIGN_STYLE = Automatic;
				CURRENT_PROJECT_VERSION = 1;
				DEVELOPMENT_TEAM = CBNAB4LB6D;
				GENERATE_INFOPLIST_FILE = YES;
				MARKETING_VERSION = 1.0;
				PRODUCT_BUNDLE_IDENTIFIER = com.jancelots.EssentialFeedAPIEndToEndTests;
				PRODUCT_NAME = "$(TARGET_NAME)";
				SWIFT_EMIT_LOC_STRINGS = NO;
				SWIFT_VERSION = 5.0;
			};
			name = Release;
		};
/* End XCBuildConfiguration section */

/* Begin XCConfigurationList section */
		BD327A4729B4435C0067CCF9 /* Build configuration list for PBXProject "EssentialFeed" */ = {
			isa = XCConfigurationList;
			buildConfigurations = (
				BD327A5D29B4435D0067CCF9 /* Debug */,
				BD327A5E29B4435D0067CCF9 /* Release */,
			);
			defaultConfigurationIsVisible = 0;
			defaultConfigurationName = Release;
		};
		BD327A5F29B4435D0067CCF9 /* Build configuration list for PBXNativeTarget "EssentialFeed" */ = {
			isa = XCConfigurationList;
			buildConfigurations = (
				BD327A6029B4435D0067CCF9 /* Debug */,
				BD327A6129B4435D0067CCF9 /* Release */,
			);
			defaultConfigurationIsVisible = 0;
			defaultConfigurationName = Release;
		};
		BD327A6229B4435D0067CCF9 /* Build configuration list for PBXNativeTarget "EssentialFeedTests" */ = {
			isa = XCConfigurationList;
			buildConfigurations = (
				BD327A6329B4435D0067CCF9 /* Debug */,
				BD327A6429B4435D0067CCF9 /* Release */,
			);
			defaultConfigurationIsVisible = 0;
			defaultConfigurationName = Release;
		};
		BD327B132A15633C0067CCF9 /* Build configuration list for PBXNativeTarget "EssentialFeedAPIEndToEndTests" */ = {
			isa = XCConfigurationList;
			buildConfigurations = (
				BD327B142A15633C0067CCF9 /* Debug */,
				BD327B152A15633C0067CCF9 /* Release */,
			);
			defaultConfigurationIsVisible = 0;
			defaultConfigurationName = Release;
		};
/* End XCConfigurationList section */
	};
	rootObject = BD327A4429B4435C0067CCF9 /* Project object */;
}
